
Microsoft Visual Studio Solution File, Format Version 12.00
# Visual Studio Version 17
VisualStudioVersion = 17.4.33205.214
MinimumVisualStudioVersion = 10.0.40219.1
Project("{9A19103F-16F7-4668-BE54-9A1E7A4F7556}") = "Madgoodies", "Madgoodies\Madgoodies.csproj", "{D358702B-0AB3-48E6-A561-BDD59C8DD20B}"
EndProject
Project("{9A19103F-16F7-4668-BE54-9A1E7A4F7556}") = "DataLibrary", "DataLibrary\DataLibrary.csproj", "{E8D40799-4FAE-4EB5-A024-2951DE5BFBEF}"
EndProject
Project("{00D1A9C2-B5F0-4AF3-8072-F6C62B433612}") = "MadgoodiesDB", "MadgoodiesDB\MadgoodiesDB.sqlproj", "{8B16FCA1-07DF-4DB8-87D9-0D481F669ECA}"
EndProject
Project("{FAE04EC0-301F-11D3-BF4B-00C04F79EFBC}") = "Testing", "Testing\Testing.csproj", "{72572AEC-80C2-45BD-B186-38A9D1C86A22}"
	ProjectSection(ProjectDependencies) = postProject
		{E8D40799-4FAE-4EB5-A024-2951DE5BFBEF} = {E8D40799-4FAE-4EB5-A024-2951DE5BFBEF}
	EndProjectSection
EndProject
Global
	GlobalSection(SolutionConfigurationPlatforms) = preSolution
		Debug|Any CPU = Debug|Any CPU
		Release|Any CPU = Release|Any CPU
	EndGlobalSection
	GlobalSection(ProjectConfigurationPlatforms) = postSolution
		{D358702B-0AB3-48E6-A561-BDD59C8DD20B}.Debug|Any CPU.ActiveCfg = Debug|Any CPU
		{D358702B-0AB3-48E6-A561-BDD59C8DD20B}.Debug|Any CPU.Build.0 = Debug|Any CPU
		{D358702B-0AB3-48E6-A561-BDD59C8DD20B}.Release|Any CPU.ActiveCfg = Release|Any CPU
		{D358702B-0AB3-48E6-A561-BDD59C8DD20B}.Release|Any CPU.Build.0 = Release|Any CPU
		{E8D40799-4FAE-4EB5-A024-2951DE5BFBEF}.Debug|Any CPU.ActiveCfg = Debug|Any CPU
		{E8D40799-4FAE-4EB5-A024-2951DE5BFBEF}.Debug|Any CPU.Build.0 = Debug|Any CPU
		{E8D40799-4FAE-4EB5-A024-2951DE5BFBEF}.Release|Any CPU.ActiveCfg = Release|Any CPU
		{E8D40799-4FAE-4EB5-A024-2951DE5BFBEF}.Release|Any CPU.Build.0 = Release|Any CPU
		{8B16FCA1-07DF-4DB8-87D9-0D481F669ECA}.Debug|Any CPU.ActiveCfg = Debug|Any CPU
		{8B16FCA1-07DF-4DB8-87D9-0D481F669ECA}.Debug|Any CPU.Build.0 = Debug|Any CPU
		{8B16FCA1-07DF-4DB8-87D9-0D481F669ECA}.Debug|Any CPU.Deploy.0 = Debug|Any CPU
		{8B16FCA1-07DF-4DB8-87D9-0D481F669ECA}.Release|Any CPU.ActiveCfg = Release|Any CPU
		{8B16FCA1-07DF-4DB8-87D9-0D481F669ECA}.Release|Any CPU.Build.0 = Release|Any CPU
		{8B16FCA1-07DF-4DB8-87D9-0D481F669ECA}.Release|Any CPU.Deploy.0 = Release|Any CPU
		{72572AEC-80C2-45BD-B186-38A9D1C86A22}.Debug|Any CPU.ActiveCfg = Debug|Any CPU
		{72572AEC-80C2-45BD-B186-38A9D1C86A22}.Debug|Any CPU.Build.0 = Debug|Any CPU
		{72572AEC-80C2-45BD-B186-38A9D1C86A22}.Release|Any CPU.ActiveCfg = Release|Any CPU
		{72572AEC-80C2-45BD-B186-38A9D1C86A22}.Release|Any CPU.Build.0 = Release|Any CPU
	EndGlobalSection
	GlobalSection(SolutionProperties) = preSolution
		HideSolutionNode = FALSE
	EndGlobalSection
	GlobalSection(ExtensibilityGlobals) = postSolution
		SolutionGuid = {2E05BDDE-262B-4F3C-8E44-66029D03A4CD}
	EndGlobalSection
EndGlobal
